
Microsoft Visual Studio Solution File, Format Version 12.00
# Visual Studio Version 16
VisualStudioVersion = 16.0.810.17
MinimumVisualStudioVersion = 10.0.40219.1
Project("{FAE04EC0-301F-11D3-BF4B-00C04F79EFBC}") = "TPO1KNN", "TPO1KNN\TPO1KNN.csproj", "{921A7130-5E41-4D65-ADEA-8C93230EC409}"
EndProject
Global
	GlobalSection(SolutionConfigurationPlatforms) = preSolution
		Debug|anycpu = Debug|anycpu
		Release|anycpu = Release|anycpu
	EndGlobalSection
	GlobalSection(ProjectConfigurationPlatforms) = postSolution
		{921A7130-5E41-4D65-ADEA-8C93230EC409}.Debug|anycpu.ActiveCfg = Debug|anycpu
		{921A7130-5E41-4D65-ADEA-8C93230EC409}.Debug|anycpu.Build.0 = Debug|anycpu
		{921A7130-5E41-4D65-ADEA-8C93230EC409}.Release|anycpu.ActiveCfg = Release|anycpu
		{921A7130-5E41-4D65-ADEA-8C93230EC409}.Release|anycpu.Build.0 = Release|anycpu
	EndGlobalSection
	GlobalSection(SolutionProperties) = preSolution
		HideSolutionNode = FALSE
	EndGlobalSection
	GlobalSection(ExtensibilityGlobals) = postSolution
		SolutionGuid = {76064888-6691-445B-A945-EF2320C96C2B}
	EndGlobalSection
EndGlobal
